<?xml version="1.0" encoding="utf-8"?>
<Project ToolsVersion="4.0" xmlns="http://schemas.microsoft.com/developer/msbuild/2003">
  <ItemGroup>
    <Filter Include="Resource Files">
      <UniqueIdentifier>{67DA6AB6-F800-4c08-8B7A-83BB121AAD01}</UniqueIdentifier>
      <Extensions>qrc;rc;ico;cur;bmp;dlg;rc2;rct;bin;rgs;gif;jpg;jpeg;jpe;resx;tiff;tif;png;wav;mfcribbon-ms</Extensions>
    </Filter>
    <Filter Include="UI">
      <UniqueIdentifier>{16884e64-b8f7-4ca7-96b3-d1bc38ae6222}</UniqueIdentifier>
    </Filter>
    <Filter Include="Data">
      <UniqueIdentifier>{2f114d4d-6599-4c8d-a97d-3fd79bf9dd3b}</UniqueIdentifier>
    </Filter>
    <Filter Include="Include">
      <UniqueIdentifier>{1f978fe7-1127-45af-8cc3-e28c6ce7e484}</UniqueIdentifier>
    </Filter>
  </ItemGroup>
  <ItemGroup>
    <QtRcc Include="TASToolKitEditor.qrc">
      <Filter>Resource Files</Filter>
    </QtRcc>
  </ItemGroup>
  <ItemGroup>
    <ClCompile Include="data/InputFileHandler.cpp">
      <Filter>Data</Filter>
    </ClCompile>
    <ClCompile Include="data/InputFileModel.cpp">
      <Filter>Data</Filter>
    </ClCompile>
    <ClCompile Include="data/PlayerTypeInstance.cpp">
      <Filter>Data</Filter>
    </ClCompile>
    <ClCompile Include="ui/InputFileMenu.cpp">
      <Filter>UI</Filter>
    </ClCompile>
    <ClCompile Include="ui/InputTableView.cpp">
      <Filter>UI</Filter>
    </ClCompile>
    <ClCompile Include="ui/TTKMainWindow.cpp">
      <Filter>UI</Filter>
    </ClCompile>
    <ClCompile Include="main.cpp" />
  </ItemGroup>
  <ItemGroup>
    <QtMoc Include="data/InputFileModel.h">
      <Filter>Data</Filter>
    </QtMoc>
    <QtMoc Include="ui/InputFileMenu.h">
      <Filter>UI</Filter>
    </QtMoc>
    <QtMoc Include="ui/InputTableView.h">
      <Filter>UI</Filter>
    </QtMoc>
    <QtMoc Include="ui/TTKMainWindow.h">
      <Filter>UI</Filter>
    </QtMoc>
    <QtMoc Include="data/PlayerTypeInstance.h">
      <Filter>Data</Filter>
    </QtMoc>
  </ItemGroup>
  <ItemGroup>
    <ClInclude Include="data/InputFileHandler.h">
      <Filter>Data</Filter>
    </ClInclude>
    <ClInclude Include="include/Definitions.h">
      <Filter>Include</Filter>
    </ClInclude>
  </ItemGroup>
</Project>